
Microsoft Visual Studio Solution File, Format Version 12.00
# Visual Studio Version 17
VisualStudioVersion = 17.2.32505.173
MinimumVisualStudioVersion = 10.0.40219.1
Project("{2150E333-8FDC-42A3-9474-1A3956D46DE8}") = "src", "src", "{922A3F89-A822-481D-9298-7B7FA3AA185A}"
EndProject
Project("{2150E333-8FDC-42A3-9474-1A3956D46DE8}") = "Services", "Services", "{6308E570-7200-4B71-BAD7-CF8A2FA4E421}"
EndProject
Project("{2150E333-8FDC-42A3-9474-1A3956D46DE8}") = "Identity", "Identity", "{4AAA38F6-F350-412A-8F8C-C8FE7C367D2F}"
EndProject
Project("{9A19103F-16F7-4668-BE54-9A1E7A4F7556}") = "Identity.API", "src\Services\Identity\Identity.API\Identity.API.csproj", "{804CD766-8013-4262-ABC4-6532F5286662}"
EndProject
Project("{2150E333-8FDC-42A3-9474-1A3956D46DE8}") = "Solution Items", "Solution Items", "{22CC95C3-D8B7-4432-9F16-F659B42F8675}"
	ProjectSection(SolutionItems) = preProject
		README.md = README.md
	EndProjectSection
EndProject
Project("{2150E333-8FDC-42A3-9474-1A3956D46DE8}") = "SportNews", "SportNews", "{EEF940A2-0C28-4FA8-8CCD-BAF06303EA1E}"
EndProject
Project("{FAE04EC0-301F-11D3-BF4B-00C04F79EFBC}") = "SportNews.API", "src\Services\SportNews\SportNews.API\SportNews.API.csproj", "{BCE8B8F7-6D88-4774-84B9-1CC2403AA5F9}"
EndProject
Project("{FAE04EC0-301F-11D3-BF4B-00C04F79EFBC}") = "SportNews.Application", "src\Services\SportNews\SportNews.Application\SportNews.Application.csproj", "{B2669947-35D4-4AEA-827F-E7142CCC4F6E}"
EndProject
Project("{FAE04EC0-301F-11D3-BF4B-00C04F79EFBC}") = "SportNews.Domain", "src\Services\SportNews\SportNews.Domain\SportNews.Domain.csproj", "{AC559930-0DBE-4766-BC71-CDAFBB9A8ED7}"
EndProject
Project("{FAE04EC0-301F-11D3-BF4B-00C04F79EFBC}") = "SportNews.Infrastructure.MongoDb", "src\Services\SportNews\SportNews.Infrastructure.MongoDb\SportNews.Infrastructure.MongoDb.csproj", "{0F74DCC3-FFF4-41E7-B6B1-44F2F2FEA4AB}"
EndProject
Project("{2150E333-8FDC-42A3-9474-1A3956D46DE8}") = "Shared", "Shared", "{751694D1-D48F-44A8-A5F7-F265CBE68250}"
EndProject
Project("{FAE04EC0-301F-11D3-BF4B-00C04F79EFBC}") = "SportNews.Shared", "src\Shared\SportNews.Shared\SportNews.Shared.csproj", "{23ABC976-32FB-49E9-9202-47C7FA772F09}"
EndProject
Global
	GlobalSection(SolutionConfigurationPlatforms) = preSolution
		Debug|Any CPU = Debug|Any CPU
		Release|Any CPU = Release|Any CPU
	EndGlobalSection
	GlobalSection(ProjectConfigurationPlatforms) = postSolution
		{804CD766-8013-4262-ABC4-6532F5286662}.Debug|Any CPU.ActiveCfg = Debug|Any CPU
		{804CD766-8013-4262-ABC4-6532F5286662}.Debug|Any CPU.Build.0 = Debug|Any CPU
		{804CD766-8013-4262-ABC4-6532F5286662}.Release|Any CPU.ActiveCfg = Release|Any CPU
		{804CD766-8013-4262-ABC4-6532F5286662}.Release|Any CPU.Build.0 = Release|Any CPU
		{BCE8B8F7-6D88-4774-84B9-1CC2403AA5F9}.Debug|Any CPU.ActiveCfg = Debug|Any CPU
		{BCE8B8F7-6D88-4774-84B9-1CC2403AA5F9}.Debug|Any CPU.Build.0 = Debug|Any CPU
		{BCE8B8F7-6D88-4774-84B9-1CC2403AA5F9}.Release|Any CPU.ActiveCfg = Release|Any CPU
		{BCE8B8F7-6D88-4774-84B9-1CC2403AA5F9}.Release|Any CPU.Build.0 = Release|Any CPU
		{B2669947-35D4-4AEA-827F-E7142CCC4F6E}.Debug|Any CPU.ActiveCfg = Debug|Any CPU
		{B2669947-35D4-4AEA-827F-E7142CCC4F6E}.Debug|Any CPU.Build.0 = Debug|Any CPU
		{B2669947-35D4-4AEA-827F-E7142CCC4F6E}.Release|Any CPU.ActiveCfg = Release|Any CPU
		{B2669947-35D4-4AEA-827F-E7142CCC4F6E}.Release|Any CPU.Build.0 = Release|Any CPU
		{AC559930-0DBE-4766-BC71-CDAFBB9A8ED7}.Debug|Any CPU.ActiveCfg = Debug|Any CPU
		{AC559930-0DBE-4766-BC71-CDAFBB9A8ED7}.Debug|Any CPU.Build.0 = Debug|Any CPU
		{AC559930-0DBE-4766-BC71-CDAFBB9A8ED7}.Release|Any CPU.ActiveCfg = Release|Any CPU
		{AC559930-0DBE-4766-BC71-CDAFBB9A8ED7}.Release|Any CPU.Build.0 = Release|Any CPU
		{0F74DCC3-FFF4-41E7-B6B1-44F2F2FEA4AB}.Debug|Any CPU.ActiveCfg = Debug|Any CPU
		{0F74DCC3-FFF4-41E7-B6B1-44F2F2FEA4AB}.Debug|Any CPU.Build.0 = Debug|Any CPU
		{0F74DCC3-FFF4-41E7-B6B1-44F2F2FEA4AB}.Release|Any CPU.ActiveCfg = Release|Any CPU
		{0F74DCC3-FFF4-41E7-B6B1-44F2F2FEA4AB}.Release|Any CPU.Build.0 = Release|Any CPU
		{23ABC976-32FB-49E9-9202-47C7FA772F09}.Debug|Any CPU.ActiveCfg = Debug|Any CPU
		{23ABC976-32FB-49E9-9202-47C7FA772F09}.Debug|Any CPU.Build.0 = Debug|Any CPU
		{23ABC976-32FB-49E9-9202-47C7FA772F09}.Release|Any CPU.ActiveCfg = Release|Any CPU
		{23ABC976-32FB-49E9-9202-47C7FA772F09}.Release|Any CPU.Build.0 = Release|Any CPU
	EndGlobalSection
	GlobalSection(SolutionProperties) = preSolution
		HideSolutionNode = FALSE
	EndGlobalSection
	GlobalSection(NestedProjects) = preSolution
		{6308E570-7200-4B71-BAD7-CF8A2FA4E421} = {922A3F89-A822-481D-9298-7B7FA3AA185A}
		{4AAA38F6-F350-412A-8F8C-C8FE7C367D2F} = {6308E570-7200-4B71-BAD7-CF8A2FA4E421}
		{804CD766-8013-4262-ABC4-6532F5286662} = {4AAA38F6-F350-412A-8F8C-C8FE7C367D2F}
		{EEF940A2-0C28-4FA8-8CCD-BAF06303EA1E} = {6308E570-7200-4B71-BAD7-CF8A2FA4E421}
		{BCE8B8F7-6D88-4774-84B9-1CC2403AA5F9} = {EEF940A2-0C28-4FA8-8CCD-BAF06303EA1E}
		{B2669947-35D4-4AEA-827F-E7142CCC4F6E} = {EEF940A2-0C28-4FA8-8CCD-BAF06303EA1E}
		{AC559930-0DBE-4766-BC71-CDAFBB9A8ED7} = {EEF940A2-0C28-4FA8-8CCD-BAF06303EA1E}
		{0F74DCC3-FFF4-41E7-B6B1-44F2F2FEA4AB} = {EEF940A2-0C28-4FA8-8CCD-BAF06303EA1E}
		{751694D1-D48F-44A8-A5F7-F265CBE68250} = {922A3F89-A822-481D-9298-7B7FA3AA185A}
		{23ABC976-32FB-49E9-9202-47C7FA772F09} = {751694D1-D48F-44A8-A5F7-F265CBE68250}
	EndGlobalSection
	GlobalSection(ExtensibilityGlobals) = postSolution
		SolutionGuid = {0C73D4EE-3B86-4D98-B2BA-0CABECC77DE1}
	EndGlobalSection
EndGlobal
